
Microsoft Visual Studio Solution File, Format Version 12.00
# Visual Studio Version 16
VisualStudioVersion = 16.0.31911.196
MinimumVisualStudioVersion = 10.0.40219.1
Project("{FAE04EC0-301F-11D3-BF4B-00C04F79EFBC}") = "ButtonTutorial.Android", "ButtonTutorial.Android\ButtonTutorial.Android.csproj", "{E2F09FD3-41E5-42FE-ADC0-3808707874C8}"
EndProject
Project("{FAE04EC0-301F-11D3-BF4B-00C04F79EFBC}") = "ButtonTutorial", "ButtonTutorial\ButtonTutorial.csproj", "{5842AB49-8065-43B5-89FE-06AB9AC1AD7D}"
EndProject
Global
	GlobalSection(SolutionConfigurationPlatforms) = preSolution
		Debug|Any CPU = Debug|Any CPU
		Release|Any CPU = Release|Any CPU
	EndGlobalSection
	GlobalSection(ProjectConfigurationPlatforms) = postSolution
		{E2F09FD3-41E5-42FE-ADC0-3808707874C8}.Debug|Any CPU.ActiveCfg = Debug|Any CPU
		{E2F09FD3-41E5-42FE-ADC0-3808707874C8}.Debug|Any CPU.Build.0 = Debug|Any CPU
		{E2F09FD3-41E5-42FE-ADC0-3808707874C8}.Debug|Any CPU.Deploy.0 = Debug|Any CPU
		{E2F09FD3-41E5-42FE-ADC0-3808707874C8}.Release|Any CPU.ActiveCfg = Release|Any CPU
		{E2F09FD3-41E5-42FE-ADC0-3808707874C8}.Release|Any CPU.Build.0 = Release|Any CPU
		{E2F09FD3-41E5-42FE-ADC0-3808707874C8}.Release|Any CPU.Deploy.0 = Release|Any CPU
		{5842AB49-8065-43B5-89FE-06AB9AC1AD7D}.Debug|Any CPU.ActiveCfg = Debug|Any CPU
		{5842AB49-8065-43B5-89FE-06AB9AC1AD7D}.Debug|Any CPU.Build.0 = Debug|Any CPU
		{5842AB49-8065-43B5-89FE-06AB9AC1AD7D}.Debug|Any CPU.Deploy.0 = Debug|Any CPU
		{5842AB49-8065-43B5-89FE-06AB9AC1AD7D}.Release|Any CPU.ActiveCfg = Release|Any CPU
		{5842AB49-8065-43B5-89FE-06AB9AC1AD7D}.Release|Any CPU.Build.0 = Release|Any CPU
		{5842AB49-8065-43B5-89FE-06AB9AC1AD7D}.Release|Any CPU.Deploy.0 = Release|Any CPU
	EndGlobalSection
	GlobalSection(SolutionProperties) = preSolution
		HideSolutionNode = FALSE
	EndGlobalSection
	GlobalSection(ExtensibilityGlobals) = postSolution
		SolutionGuid = {34BBE5B4-42BF-47EB-8B5D-E5E826EA0FEB}
	EndGlobalSection
EndGlobal
